loop_id: LOOP-NEXT-WAVE-6PLAN-EXECUTION-20260303
role: worker
lane: B
owner: ronnyworks
pid: 61401
session_id: kickoff-20260303T092657Z-B
worktree: /Users/ronnyworks/code/agentic-spine/.worktrees/orchestration/LOOP-NEXT-WAVE-6PLAN-EXECUTION-20260303/B
branch: LOOP-NEXT-WAVE-6PLAN-EXECUTION-20260303/b
mode: capability
status: active
created_at: 2026-03-03T09:27:00Z
