loop_id: LOOP-NEXT-WAVE-6PLAN-EXECUTION-20260303
role: worker
lane: D
owner: ronnyworks
pid: 65152
session_id: kickoff-20260303T092657Z-D
worktree: /Users/ronnyworks/code/agentic-spine/.worktrees/orchestration/LOOP-NEXT-WAVE-6PLAN-EXECUTION-20260303/D
branch: LOOP-NEXT-WAVE-6PLAN-EXECUTION-20260303/d
mode: capability
status: active
created_at: 2026-03-03T09:27:03Z
