loop_id: LOOP-NEXT-WAVE-6PLAN-EXECUTION-20260303
role: worker
lane: E
owner: ronnyworks
pid: 67307
session_id: kickoff-20260303T092657Z-E
worktree: /Users/ronnyworks/code/agentic-spine/.worktrees/orchestration/LOOP-NEXT-WAVE-6PLAN-EXECUTION-20260303/E
branch: LOOP-NEXT-WAVE-6PLAN-EXECUTION-20260303/e
mode: capability
status: active
created_at: 2026-03-03T09:27:05Z
