# Agent Fact Lock Binding (SSOT)
# Enforced by: surfaces/verify/d27-fact-duplication-lock.sh
# Status: authoritative
# Last verified: 2026-02-13

version: 1

canonical_fact_docs:
  - docs/governance/DEVICE_IDENTITY_SSOT.md
  - docs/governance/SERVICE_REGISTRY.yaml
  - docs/governance/MACBOOK_SSOT.md
  - docs/governance/MINILAB_SSOT.md
  - docs/governance/SHOP_SERVER_SSOT.md

# Docs agents read first. These must not carry mutable host/service facts.
no_fact_docs:
  - docs/governance/SESSION_PROTOCOL.md
  - docs/brain/rules.md
  - docs/governance/GOVERNANCE_INDEX.md
  - docs/README.md

service_registry: docs/governance/SERVICE_REGISTRY.yaml
