---
status: authoritative
owner: "@ronny"
last_verified: 2026-02-23
scope: wave-lock
version: 1
---
# Wave Lock
# Single source of truth for cross-agent "what wave is next".
# Agents must read this file before proposing or starting a new wave.
wave_lock:
  lock_id: WAVE-LOCK-20260223-WORKBENCH-W2
  as_of_commit: 7d72be7bb6466a5b29f0e485a3153634d703656c
  active_track: cadence
  wave_id: WORKBENCH-W2-EXCEPTION-BURNDOWN-20260223
  objective: "Burn down W1 smoothness exceptions by normalizing workbench source surfaces and tightening D163-D167 contracts."
  baseline_lock_ref: "docs/governance/SPINE_BASELINE_LOCK_V1.md §8"
  prereqs:
    - "HYGIENE_WAVE_H5_RECEIPT READY_FOR_NEXT_WAVE: true"
    - "D84 PASS"
    - "D155 PASS"
    - "D156 PASS"
    - "D157 PASS"
    - "D158 PASS"
  exit_checks:
    - "./bin/ops cap run verify.pack.run hygiene-weekly"
    - "./bin/ops cap run verify.core.run"
    - "./bin/ops cap run proposals.status"
    - "telemetry artifacts generated and indexed"
  supersedes:
    - "next_wave: (project-attach execution — D153 + gen-project-attach + work.index)"
    - "next_wave: (baseline freeze + monthly hygiene cadence automation)"
  arbitration:
    owner: "@ronny"
    rule: "If an agent proposes a wave different from backlog.highest_pending_wave_id, reject and resync to this lock."
agent_proposal_contract:
  required_echo_fields:
    - backlog_sha
    - selected_wave_id
    - highest_pending_wave_id
    - justification_if_not_highest
  reject_if:
    - "selected_wave_id is absent"
    - "selected_wave_id != highest_pending_wave_id and no justification provided"
backlog:
  highest_pending_wave_id: WORKBENCH-W3-CORE-PROMOTION
  items:
    - wave_id: W-ATTACH-01
      title: "Project-attach execution"
      status: done
      priority: 1
      scope: "D153 live in core, gen-project-attach, .spine-link in mint-modules, spine.work.index runtime capability"
      baseline_lock_ref: "§4 project onboarding, §5 work tracking"
    - wave_id: W-RING-LIVE
      title: "Gate ring formalization"
      status: done
      priority: 2
      scope: "Ring policy, D154, verify entrypoint budget enforcement"
      baseline_lock_ref: "§3 verify speed"
    - wave_id: W-HYGIENE-H1-H5
      title: "Hygiene waves H1-H5"
      status: done
      priority: 3
      scope: "Audits migration plan+exec, freshness policy lock, lifecycle lock, weekly cadence lock"
      baseline_lock_ref: "§6 governance purity, §8 wave checks"
    - wave_id: W-TELEMETRY
      title: "Weekly execution telemetry + trend dashboard"
      status: done
      priority: 4
      scope: "Trend tracking for SPINE_BASELINE_LOCK_V1 pass/fail metrics over time"
      baseline_lock_ref: "§8 pass/fail criteria"
    - wave_id: W-PLUGIN-MIGRATE
      title: "Plugin migration to project repos"
      status: done
      priority: 5
      scope: "Move non-spine-native domain plugins out of ops/plugins into project repos with bindings pointers"
      note: "pilot complete, batch B01 complete, batch WPM-B02-ha complete, batch WPM-B03-home complete, batch WPM-B04-immich complete, batch WPM-B05-media complete, batch WPM-B06-ms-graph complete, batch WPM-B07-n8n complete, batch WPM-B08-network complete"
      baseline_lock_ref: "§1 inventory ceilings"
      next_pending_batch: null
    - wave_id: W-RECEIPT-MEMORY
      title: "Receipt index as agent memory"
      status: done
      priority: 6
      scope: "Queryable receipt index by domain+time in session start/read surfaces"
      note: "completed: index domain/plane metadata, domain filters on read surfaces, session.start receipt-memory hint, and D161 lock gate wired to hygiene-weekly"
      baseline_lock_ref: "§4 work tracking"
    - wave_id: WORKBENCH-W1-OPERATOR-SMOOTHNESS-ENFORCEMENT-20260223
      title: "Workbench operator smoothness enforcement joints"
      status: done
      priority: 7
      scope: "Add workbench smoothness contracts + D163-D167 gates + hygiene-weekly wiring in spine only."
      baseline_lock_ref: "§8 wave checks"
    - wave_id: WORKBENCH-W2-EXCEPTION-BURNDOWN
      title: "Workbench exception burndown"
      status: done
      priority: 8
      scope: "Remove temporary W1 exceptions by normalizing workbench SSH/secrets/deploy/operator surfaces to contract."
      note: "W2 removed 17/18 seeded exceptions. Remaining exception tracks unresolved HIGH/CRITICAL secrets inventory issues with 7-day expiry."
      baseline_lock_ref: "§8 wave checks"
    - wave_id: WORKBENCH-W3-CORE-PROMOTION
      title: "Workbench smoothness core promotion"
      status: pending
      priority: 9
      scope: "Promote D163-D167 from hygiene-weekly into core ring after final exception reaches zero."
      baseline_lock_ref: "§8 wave checks"
