loop_id: LOOP-POST-MERGE-UNIVERSAL-CHAIN-HA-SHARED-AUTH-20260303
role: worker
lane: LANE-HA
owner: ronnyworks
pid: 93085
session_id: kickoff-20260303T163303Z-LANE-HA
worktree: /Users/ronnyworks/code/agentic-spine/.worktrees/orchestration/LOOP-POST-MERGE-UNIVERSAL-CHAIN-HA-SHARED-AUTH-20260303/LANE-HA
branch: LOOP-POST-MERGE-UNIVERSAL-CHAIN-HA-SHARED-AUTH-20260303/lane-ha
mode: capability
status: active
created_at: 2026-03-03T16:33:08Z
